
Microsoft Visual Studio Solution File, Format Version 12.00
Project("{FAE04EC0-301F-11D3-BF4B-00C04F79EFBC}") = "AccountingRetailOrders", "AccountingRetailOrders.csproj", "{3BCF404F-A094-471E-962B-9C9E1ACB0344}"
EndProject
Global
	GlobalSection(SolutionConfigurationPlatforms) = preSolution
		Debug|Any CPU = Debug|Any CPU
		Release|Any CPU = Release|Any CPU
	EndGlobalSection
	GlobalSection(ProjectConfigurationPlatforms) = postSolution
		{3BCF404F-A094-471E-962B-9C9E1ACB0344}.Debug|Any CPU.ActiveCfg = Debug|Any CPU
		{3BCF404F-A094-471E-962B-9C9E1ACB0344}.Debug|Any CPU.Build.0 = Debug|Any CPU
		{3BCF404F-A094-471E-962B-9C9E1ACB0344}.Release|Any CPU.ActiveCfg = Release|Any CPU
		{3BCF404F-A094-471E-962B-9C9E1ACB0344}.Release|Any CPU.Build.0 = Release|Any CPU
	EndGlobalSection
EndGlobal
